// !$*UTF8*$!
{
	archiveVersion = 1;
	classes = {
	};
	objectVersion = 55;
	objects = {

/* Begin PBXBuildFile section */
		3F05FDFF27FB0B550058FACF /* SettingsManager.swift in Sources */ = {isa = PBXBuildFile; fileRef = 3F05FDFE27FB0B550058FACF /* SettingsManager.swift */; };
		3F05FE0127FB184D0058FACF /* SettingsView.swift in Sources */ = {isa = PBXBuildFile; fileRef = 3F05FE0027FB184D0058FACF /* SettingsView.swift */; };
		3F1B83EF2816BB0200A411D0 /* ShutUpCD.xcdatamodeld in Sources */ = {isa = PBXBuildFile; fileRef = 3F1B83ED2816BB0200A411D0 /* ShutUpCD.xcdatamodeld */; };
		3F1B84102816BCEA00A411D0 /* Persistence.swift in Sources */ = {isa = PBXBuildFile; fileRef = 3F1B840F2816BCEA00A411D0 /* Persistence.swift */; };
		3F664E082805937200EC6CE7 /* UserManager.swift in Sources */ = {isa = PBXBuildFile; fileRef = 3F664E072805937200EC6CE7 /* UserManager.swift */; };
		3FAE94C127F2012900957C61 /* ShutUpApp.swift in Sources */ = {isa = PBXBuildFile; fileRef = 3FAE94C027F2012900957C61 /* ShutUpApp.swift */; };
		3FAE94C327F2012900957C61 /* ConversationView.swift in Sources */ = {isa = PBXBuildFile; fileRef = 3FAE94C227F2012900957C61 /* ConversationView.swift */; };
		3FAE94C527F2012A00957C61 /* Assets.xcassets in Resources */ = {isa = PBXBuildFile; fileRef = 3FAE94C427F2012A00957C61 /* Assets.xcassets */; };
		3FAE94C827F2012A00957C61 /* Preview Assets.xcassets in Resources */ = {isa = PBXBuildFile; fileRef = 3FAE94C727F2012A00957C61 /* Preview Assets.xcassets */; };
		3FAE94D127F201A600957C61 /* User.swift in Sources */ = {isa = PBXBuildFile; fileRef = 3FAE94D027F201A600957C61 /* User.swift */; };
		3FAE94D327F201B600957C61 /* Message.swift in Sources */ = {isa = PBXBuildFile; fileRef = 3FAE94D227F201B600957C61 /* Message.swift */; };
		3FAE94D527F201CD00957C61 /* Conversation.swift in Sources */ = {isa = PBXBuildFile; fileRef = 3FAE94D427F201CD00957C61 /* Conversation.swift */; };
		3FAE94D827F2044300957C61 /* ConversationManager.swift in Sources */ = {isa = PBXBuildFile; fileRef = 3FAE94D727F2044300957C61 /* ConversationManager.swift */; };
		3FAE94DA27F2123600957C61 /* SingleConversationView.swift in Sources */ = {isa = PBXBuildFile; fileRef = 3FAE94D927F2123600957C61 /* SingleConversationView.swift */; };
		3FCA499627FCCE560058A3B5 /* GoogleService-Info.plist in Resources */ = {isa = PBXBuildFile; fileRef = 3FCA499527FCCE560058A3B5 /* GoogleService-Info.plist */; };
		3FCA499927FCCED40058A3B5 /* FirebaseAuth in Frameworks */ = {isa = PBXBuildFile; productRef = 3FCA499827FCCED40058A3B5 /* FirebaseAuth */; };
		3FCA499B27FCCED40058A3B5 /* FirebaseFirestore in Frameworks */ = {isa = PBXBuildFile; productRef = 3FCA499A27FCCED40058A3B5 /* FirebaseFirestore */; };
		3FCA499D27FCCED40058A3B5 /* FirebaseFirestoreSwift-Beta in Frameworks */ = {isa = PBXBuildFile; productRef = 3FCA499C27FCCED40058A3B5 /* FirebaseFirestoreSwift-Beta */; };
		3FD294B027FC240100DF8ACD /* Theme.swift in Sources */ = {isa = PBXBuildFile; fileRef = 3FD294AF27FC240100DF8ACD /* Theme.swift */; };
		3FE0BE8528116DBD00196B2F /* FirebaseAuthUI in Frameworks */ = {isa = PBXBuildFile; productRef = 3FE0BE8428116DBD00196B2F /* FirebaseAuthUI */; };
		3FE0BE8728116DBD00196B2F /* FirebaseFacebookAuthUI in Frameworks */ = {isa = PBXBuildFile; productRef = 3FE0BE8628116DBD00196B2F /* FirebaseFacebookAuthUI */; };
		3FE0BE8928116DBD00196B2F /* FirebaseGoogleAuthUI in Frameworks */ = {isa = PBXBuildFile; productRef = 3FE0BE8828116DBD00196B2F /* FirebaseGoogleAuthUI */; };
		3FE0BE8B28116DBD00196B2F /* FirebaseOAuthUI in Frameworks */ = {isa = PBXBuildFile; productRef = 3FE0BE8A28116DBD00196B2F /* FirebaseOAuthUI */; };
		3FE0BE8D28116DDB00196B2F /* AppDelegate.swift in Sources */ = {isa = PBXBuildFile; fileRef = 3FE0BE8C28116DDA00196B2F /* AppDelegate.swift */; };
		3FE554FD27F6E5DF00325B17 /* DataManager.swift in Sources */ = {isa = PBXBuildFile; fileRef = 3FE554FC27F6E5DF00325B17 /* DataManager.swift */; };
		3FE554FF27F6E75F00325B17 /* WelcomeView.swift in Sources */ = {isa = PBXBuildFile; fileRef = 3FE554FE27F6E75F00325B17 /* WelcomeView.swift */; };
		B359E8E227F3A07F00035660 /* RainbowShimmer.swift in Sources */ = {isa = PBXBuildFile; fileRef = B359E8E127F3A07F00035660 /* RainbowShimmer.swift */; };
		B359E8E427F452C400035660 /* TitleRow.swift in Sources */ = {isa = PBXBuildFile; fileRef = B359E8E327F452C400035660 /* TitleRow.swift */; };
		B359E8E627F460C800035660 /* ChatPreview.swift in Sources */ = {isa = PBXBuildFile; fileRef = B359E8E527F460C800035660 /* ChatPreview.swift */; };
		B359E8E827FEF0AD00035660 /* ProfileView.swift in Sources */ = {isa = PBXBuildFile; fileRef = B359E8E727FEF0AD00035660 /* ProfileView.swift */; };
		B359E8EA27FEF87500035660 /* ProfileViewItems.swift in Sources */ = {isa = PBXBuildFile; fileRef = B359E8E927FEF87500035660 /* ProfileViewItems.swift */; };
		B359E8F22800364200035660 /* DarkMode.swift in Sources */ = {isa = PBXBuildFile; fileRef = B359E8F12800364200035660 /* DarkMode.swift */; };
		B359E8F42800369400035660 /* ActivityStatus.swift in Sources */ = {isa = PBXBuildFile; fileRef = B359E8F32800369400035660 /* ActivityStatus.swift */; };
		B359E8F62800490100035660 /* Credits.swift in Sources */ = {isa = PBXBuildFile; fileRef = B359E8F52800490100035660 /* Credits.swift */; };
		B359E8F82800491100035660 /* Privacy.swift in Sources */ = {isa = PBXBuildFile; fileRef = B359E8F72800491100035660 /* Privacy.swift */; };
		B359E8FA280068F100035660 /* ChangeAccount.swift in Sources */ = {isa = PBXBuildFile; fileRef = B359E8F9280068F100035660 /* ChangeAccount.swift */; };
		B359E93328030FC500035660 /* DarkModeSettings.swift in Sources */ = {isa = PBXBuildFile; fileRef = B359E93228030FC500035660 /* DarkModeSettings.swift */; };
		B359E9352804637C00035660 /* MessageRequests.swift in Sources */ = {isa = PBXBuildFile; fileRef = B359E9342804637C00035660 /* MessageRequests.swift */; };
		B359E9372805B3E500035660 /* LogoutView.swift in Sources */ = {isa = PBXBuildFile; fileRef = B359E9362805B3E500035660 /* LogoutView.swift */; };
		E546A953281690A3004F4458 /* NetworkManager.swift in Sources */ = {isa = PBXBuildFile; fileRef = E546A952281690A3004F4458 /* NetworkManager.swift */; };
		E5CCA26E2818761B00F3AF96 /* PrivacyView.swift in Sources */ = {isa = PBXBuildFile; fileRef = E5CCA26D2818761B00F3AF96 /* PrivacyView.swift */; };
		E5CCA27028187B8300F3AF96 /* CreditsView.swift in Sources */ = {isa = PBXBuildFile; fileRef = E5CCA26F28187B8300F3AF96 /* CreditsView.swift */; };
		E5CCA27228187EAC00F3AF96 /* AccountSettingsView.swift in Sources */ = {isa = PBXBuildFile; fileRef = E5CCA27128187EAC00F3AF96 /* AccountSettingsView.swift */; };
		E5FE49C82806BE5E00A92710 /* KeyboardManager.swift in Sources */ = {isa = PBXBuildFile; fileRef = E5FE49C72806BE5E00A92710 /* KeyboardManager.swift */; };
/* End PBXBuildFile section */

/* Begin PBXFileReference section */
		3F05FDFE27FB0B550058FACF /* SettingsManager.swift */ = {isa = PBXFileReference; lastKnownFileType = sourcecode.swift; path = SettingsManager.swift; sourceTree = "<group>"; };
		3F05FE0027FB184D0058FACF /* SettingsView.swift */ = {isa = PBXFileReference; lastKnownFileType = sourcecode.swift; path = SettingsView.swift; sourceTree = "<group>"; };
		3F1B83EE2816BB0200A411D0 /* ShutUpCD.xcdatamodel */ = {isa = PBXFileReference; lastKnownFileType = wrapper.xcdatamodel; path = ShutUpCD.xcdatamodel; sourceTree = "<group>"; };
		3F1B840F2816BCEA00A411D0 /* Persistence.swift */ = {isa = PBXFileReference; fileEncoding = 4; lastKnownFileType = sourcecode.swift; path = Persistence.swift; sourceTree = "<group>"; };
		3F664E072805937200EC6CE7 /* UserManager.swift */ = {isa = PBXFileReference; lastKnownFileType = sourcecode.swift; path = UserManager.swift; sourceTree = "<group>"; };
		3FAE94BD27F2012900957C61 /* ShutUp.app */ = {isa = PBXFileReference; explicitFileType = wrapper.application; includeInIndex = 0; path = ShutUp.app; sourceTree = BUILT_PRODUCTS_DIR; };
		3FAE94C027F2012900957C61 /* ShutUpApp.swift */ = {isa = PBXFileReference; lastKnownFileType = sourcecode.swift; path = ShutUpApp.swift; sourceTree = "<group>"; };
		3FAE94C227F2012900957C61 /* ConversationView.swift */ = {isa = PBXFileReference; lastKnownFileType = sourcecode.swift; path = ConversationView.swift; sourceTree = "<group>"; };
		3FAE94C427F2012A00957C61 /* Assets.xcassets */ = {isa = PBXFileReference; lastKnownFileType = folder.assetcatalog; path = Assets.xcassets; sourceTree = "<group>"; };
		3FAE94C727F2012A00957C61 /* Preview Assets.xcassets */ = {isa = PBXFileReference; lastKnownFileType = folder.assetcatalog; path = "Preview Assets.xcassets"; sourceTree = "<group>"; };
		3FAE94D027F201A600957C61 /* User.swift */ = {isa = PBXFileReference; lastKnownFileType = sourcecode.swift; path = User.swift; sourceTree = "<group>"; };
		3FAE94D227F201B600957C61 /* Message.swift */ = {isa = PBXFileReference; lastKnownFileType = sourcecode.swift; path = Message.swift; sourceTree = "<group>"; };
		3FAE94D427F201CD00957C61 /* Conversation.swift */ = {isa = PBXFileReference; lastKnownFileType = sourcecode.swift; path = Conversation.swift; sourceTree = "<group>"; };
		3FAE94D727F2044300957C61 /* ConversationManager.swift */ = {isa = PBXFileReference; lastKnownFileType = sourcecode.swift; path = ConversationManager.swift; sourceTree = "<group>"; };
		3FAE94D927F2123600957C61 /* SingleConversationView.swift */ = {isa = PBXFileReference; lastKnownFileType = sourcecode.swift; path = SingleConversationView.swift; sourceTree = "<group>"; };
		3FCA499527FCCE560058A3B5 /* GoogleService-Info.plist */ = {isa = PBXFileReference; fileEncoding = 4; lastKnownFileType = text.plist.xml; path = "GoogleService-Info.plist"; sourceTree = "<group>"; };
		3FD294AF27FC240100DF8ACD /* Theme.swift */ = {isa = PBXFileReference; lastKnownFileType = sourcecode.swift; path = Theme.swift; sourceTree = "<group>"; };
		3FE0BE8228116CED00196B2F /* Info.plist */ = {isa = PBXFileReference; lastKnownFileType = text.plist; path = Info.plist; sourceTree = "<group>"; };
		3FE0BE8C28116DDA00196B2F /* AppDelegate.swift */ = {isa = PBXFileReference; fileEncoding = 4; lastKnownFileType = sourcecode.swift; path = AppDelegate.swift; sourceTree = "<group>"; };
		3FE554FC27F6E5DF00325B17 /* DataManager.swift */ = {isa = PBXFileReference; lastKnownFileType = sourcecode.swift; path = DataManager.swift; sourceTree = "<group>"; };
		3FE554FE27F6E75F00325B17 /* WelcomeView.swift */ = {isa = PBXFileReference; lastKnownFileType = sourcecode.swift; path = WelcomeView.swift; sourceTree = "<group>"; };
		B359E8E127F3A07F00035660 /* RainbowShimmer.swift */ = {isa = PBXFileReference; lastKnownFileType = sourcecode.swift; path = RainbowShimmer.swift; sourceTree = "<group>"; };
		B359E8E327F452C400035660 /* TitleRow.swift */ = {isa = PBXFileReference; lastKnownFileType = sourcecode.swift; path = TitleRow.swift; sourceTree = "<group>"; };
		B359E8E527F460C800035660 /* ChatPreview.swift */ = {isa = PBXFileReference; lastKnownFileType = sourcecode.swift; path = ChatPreview.swift; sourceTree = "<group>"; };
		B359E8E727FEF0AD00035660 /* ProfileView.swift */ = {isa = PBXFileReference; lastKnownFileType = sourcecode.swift; path = ProfileView.swift; sourceTree = "<group>"; };
		B359E8E927FEF87500035660 /* ProfileViewItems.swift */ = {isa = PBXFileReference; lastKnownFileType = sourcecode.swift; path = ProfileViewItems.swift; sourceTree = "<group>"; };
		B359E8F12800364200035660 /* DarkMode.swift */ = {isa = PBXFileReference; lastKnownFileType = sourcecode.swift; path = DarkMode.swift; sourceTree = "<group>"; };
		B359E8F32800369400035660 /* ActivityStatus.swift */ = {isa = PBXFileReference; lastKnownFileType = sourcecode.swift; path = ActivityStatus.swift; sourceTree = "<group>"; };
		B359E8F52800490100035660 /* Credits.swift */ = {isa = PBXFileReference; lastKnownFileType = sourcecode.swift; path = Credits.swift; sourceTree = "<group>"; };
		B359E8F72800491100035660 /* Privacy.swift */ = {isa = PBXFileReference; lastKnownFileType = sourcecode.swift; path = Privacy.swift; sourceTree = "<group>"; };
		B359E8F9280068F100035660 /* ChangeAccount.swift */ = {isa = PBXFileReference; lastKnownFileType = sourcecode.swift; path = ChangeAccount.swift; sourceTree = "<group>"; };
		B359E93228030FC500035660 /* DarkModeSettings.swift */ = {isa = PBXFileReference; lastKnownFileType = sourcecode.swift; path = DarkModeSettings.swift; sourceTree = "<group>"; };
		B359E9342804637C00035660 /* MessageRequests.swift */ = {isa = PBXFileReference; lastKnownFileType = sourcecode.swift; path = MessageRequests.swift; sourceTree = "<group>"; };
		B359E9362805B3E500035660 /* LogoutView.swift */ = {isa = PBXFileReference; lastKnownFileType = sourcecode.swift; path = LogoutView.swift; sourceTree = "<group>"; };
		E546A952281690A3004F4458 /* NetworkManager.swift */ = {isa = PBXFileReference; lastKnownFileType = sourcecode.swift; path = NetworkManager.swift; sourceTree = "<group>"; };
		E5CCA26D2818761B00F3AF96 /* PrivacyView.swift */ = {isa = PBXFileReference; lastKnownFileType = sourcecode.swift; path = PrivacyView.swift; sourceTree = "<group>"; };
		E5CCA26F28187B8300F3AF96 /* CreditsView.swift */ = {isa = PBXFileReference; lastKnownFileType = sourcecode.swift; path = CreditsView.swift; sourceTree = "<group>"; };
		E5CCA27128187EAC00F3AF96 /* AccountSettingsView.swift */ = {isa = PBXFileReference; lastKnownFileType = sourcecode.swift; path = AccountSettingsView.swift; sourceTree = "<group>"; };
		E5FE49C72806BE5E00A92710 /* KeyboardManager.swift */ = {isa = PBXFileReference; lastKnownFileType = sourcecode.swift; path = KeyboardManager.swift; sourceTree = "<group>"; };
/* End PBXFileReference section */

/* Begin PBXFrameworksBuildPhase section */
		3FAE94BA27F2012900957C61 /* Frameworks */ = {
			isa = PBXFrameworksBuildPhase;
			buildActionMask = 2147483647;
			files = (
				3FCA499D27FCCED40058A3B5 /* FirebaseFirestoreSwift-Beta in Frameworks */,
				3FCA499927FCCED40058A3B5 /* FirebaseAuth in Frameworks */,
				3FE0BE8928116DBD00196B2F /* FirebaseGoogleAuthUI in Frameworks */,
				3FE0BE8B28116DBD00196B2F /* FirebaseOAuthUI in Frameworks */,
				3FCA499B27FCCED40058A3B5 /* FirebaseFirestore in Frameworks */,
				3FE0BE8728116DBD00196B2F /* FirebaseFacebookAuthUI in Frameworks */,
				3FE0BE8528116DBD00196B2F /* FirebaseAuthUI in Frameworks */,
			);
			runOnlyForDeploymentPostprocessing = 0;
		};
/* End PBXFrameworksBuildPhase section */

/* Begin PBXGroup section */
		3FAE94B427F2012900957C61 = {
			isa = PBXGroup;
			children = (
				3FAE94BF27F2012900957C61 /* ShutUp */,
				3FAE94BE27F2012900957C61 /* Products */,
			);
			sourceTree = "<group>";
		};
		3FAE94BE27F2012900957C61 /* Products */ = {
			isa = PBXGroup;
			children = (
				3FAE94BD27F2012900957C61 /* ShutUp.app */,
			);
			name = Products;
			sourceTree = "<group>";
		};
		3FAE94BF27F2012900957C61 /* ShutUp */ = {
			isa = PBXGroup;
			children = (
				3FE0BE8228116CED00196B2F /* Info.plist */,
				3FCA499527FCCE560058A3B5 /* GoogleService-Info.plist */,
				3FE554FB27F6E5B400325B17 /* Services */,
				3FAE94D627F203D700957C61 /* ViewModels */,
				3FAE94CF27F2019200957C61 /* Models */,
				3FAE94CE27F2017A00957C61 /* Views */,
				3FAE94C027F2012900957C61 /* ShutUpApp.swift */,
				3FE0BE8C28116DDA00196B2F /* AppDelegate.swift */,
				3FAE94C427F2012A00957C61 /* Assets.xcassets */,
				3FAE94C627F2012A00957C61 /* Preview Content */,
				3F1B83ED2816BB0200A411D0 /* ShutUpCD.xcdatamodeld */,
			);
			path = ShutUp;
			sourceTree = "<group>";
		};
		3FAE94C627F2012A00957C61 /* Preview Content */ = {
			isa = PBXGroup;
			children = (
				3FAE94C727F2012A00957C61 /* Preview Assets.xcassets */,
			);
			path = "Preview Content";
			sourceTree = "<group>";
		};
		3FAE94CE27F2017A00957C61 /* Views */ = {
			isa = PBXGroup;
			children = (
				B359E93128030FAD00035660 /* ProfileViewDestinations */,
				B359E8F0280035FC00035660 /* ProfileItems */,
				B359E8E027F3A06B00035660 /* ViewComponents */,
				3FAE94C227F2012900957C61 /* ConversationView.swift */,
				3FAE94D927F2123600957C61 /* SingleConversationView.swift */,
				E5FE49C72806BE5E00A92710 /* KeyboardManager.swift */,
				3FE554FE27F6E75F00325B17 /* WelcomeView.swift */,
				3F05FE0027FB184D0058FACF /* SettingsView.swift */,
				B359E8E727FEF0AD00035660 /* ProfileView.swift */,
				B359E8E927FEF87500035660 /* ProfileViewItems.swift */,
			);
			path = Views;
			sourceTree = "<group>";
		};
		3FAE94CF27F2019200957C61 /* Models */ = {
			isa = PBXGroup;
			children = (
				3FAE94D027F201A600957C61 /* User.swift */,
				3FAE94D227F201B600957C61 /* Message.swift */,
				3FAE94D427F201CD00957C61 /* Conversation.swift */,
				3FD294AF27FC240100DF8ACD /* Theme.swift */,
			);
			path = Models;
			sourceTree = "<group>";
		};
		3FAE94D627F203D700957C61 /* ViewModels */ = {
			isa = PBXGroup;
			children = (
				3F05FDFE27FB0B550058FACF /* SettingsManager.swift */,
				3FAE94D727F2044300957C61 /* ConversationManager.swift */,
				3F664E072805937200EC6CE7 /* UserManager.swift */,
			);
			path = ViewModels;
			sourceTree = "<group>";
		};
		3FE554FB27F6E5B400325B17 /* Services */ = {
			isa = PBXGroup;
			children = (
				3F1B840F2816BCEA00A411D0 /* Persistence.swift */,
				3FE554FC27F6E5DF00325B17 /* DataManager.swift */,
				E546A952281690A3004F4458 /* NetworkManager.swift */,
			);
			path = Services;
			sourceTree = "<group>";
		};
		B359E8E027F3A06B00035660 /* ViewComponents */ = {
			isa = PBXGroup;
			children = (
				B359E8E127F3A07F00035660 /* RainbowShimmer.swift */,
				B359E8E327F452C400035660 /* TitleRow.swift */,
				B359E8E527F460C800035660 /* ChatPreview.swift */,
			);
			path = ViewComponents;
			sourceTree = "<group>";
		};
		B359E8F0280035FC00035660 /* ProfileItems */ = {
			isa = PBXGroup;
			children = (
				B359E8F12800364200035660 /* DarkMode.swift */,
				B359E8F32800369400035660 /* ActivityStatus.swift */,
				B359E8F52800490100035660 /* Credits.swift */,
				B359E8F72800491100035660 /* Privacy.swift */,
				B359E8F9280068F100035660 /* ChangeAccount.swift */,
				B359E9342804637C00035660 /* MessageRequests.swift */,
			);
			path = ProfileItems;
			sourceTree = "<group>";
		};
		B359E93128030FAD00035660 /* ProfileViewDestinations */ = {
			isa = PBXGroup;
			children = (
				B359E93228030FC500035660 /* DarkModeSettings.swift */,
				B359E9362805B3E500035660 /* LogoutView.swift */,
				E5CCA26D2818761B00F3AF96 /* PrivacyView.swift */,
				E5CCA26F28187B8300F3AF96 /* CreditsView.swift */,
				E5CCA27128187EAC00F3AF96 /* AccountSettingsView.swift */,
			);
			path = ProfileViewDestinations;
			sourceTree = "<group>";
		};
/* End PBXGroup section */

/* Begin PBXNativeTarget section */
		3FAE94BC27F2012900957C61 /* ShutUp */ = {
			isa = PBXNativeTarget;
			buildConfigurationList = 3FAE94CB27F2012A00957C61 /* Build configuration list for PBXNativeTarget "ShutUp" */;
			buildPhases = (
				3FAE94B927F2012900957C61 /* Sources */,
				3FAE94BA27F2012900957C61 /* Frameworks */,
				3FAE94BB27F2012900957C61 /* Resources */,
			);
			buildRules = (
			);
			dependencies = (
			);
			name = ShutUp;
			packageProductDependencies = (
				3FCA499827FCCED40058A3B5 /* FirebaseAuth */,
				3FCA499A27FCCED40058A3B5 /* FirebaseFirestore */,
				3FCA499C27FCCED40058A3B5 /* FirebaseFirestoreSwift-Beta */,
				3FE0BE8428116DBD00196B2F /* FirebaseAuthUI */,
				3FE0BE8628116DBD00196B2F /* FirebaseFacebookAuthUI */,
				3FE0BE8828116DBD00196B2F /* FirebaseGoogleAuthUI */,
				3FE0BE8A28116DBD00196B2F /* FirebaseOAuthUI */,
			);
			productName = ShutUp;
			productReference = 3FAE94BD27F2012900957C61 /* ShutUp.app */;
			productType = "com.apple.product-type.application";
		};
/* End PBXNativeTarget section */

/* Begin PBXProject section */
		3FAE94B527F2012900957C61 /* Project object */ = {
			isa = PBXProject;
			attributes = {
				BuildIndependentTargetsInParallel = 1;
				LastSwiftUpdateCheck = 1330;
				LastUpgradeCheck = 1330;
				TargetAttributes = {
					3FAE94BC27F2012900957C61 = {
						CreatedOnToolsVersion = 13.3;
					};
				};
			};
			buildConfigurationList = 3FAE94B827F2012900957C61 /* Build configuration list for PBXProject "ShutUp" */;
			compatibilityVersion = "Xcode 13.0";
			developmentRegion = en;
			hasScannedForEncodings = 0;
			knownRegions = (
				en,
				Base,
			);
			mainGroup = 3FAE94B427F2012900957C61;
			packageReferences = (
				3FCA499727FCCED40058A3B5 /* XCRemoteSwiftPackageReference "firebase-ios-sdk" */,
				3FE0BE8328116DBD00196B2F /* XCRemoteSwiftPackageReference "FirebaseUI-iOS" */,
			);
			productRefGroup = 3FAE94BE27F2012900957C61 /* Products */;
			projectDirPath = "";
			projectRoot = "";
			targets = (
				3FAE94BC27F2012900957C61 /* ShutUp */,
			);
		};
/* End PBXProject section */

/* Begin PBXResourcesBuildPhase section */
		3FAE94BB27F2012900957C61 /* Resources */ = {
			isa = PBXResourcesBuildPhase;
			buildActionMask = 2147483647;
			files = (
				3FAE94C827F2012A00957C61 /* Preview Assets.xcassets in Resources */,
				3FAE94C527F2012A00957C61 /* Assets.xcassets in Resources */,
				3FCA499627FCCE560058A3B5 /* GoogleService-Info.plist in Resources */,
			);
			runOnlyForDeploymentPostprocessing = 0;
		};
/* End PBXResourcesBuildPhase section */

/* Begin PBXSourcesBuildPhase section */
		3FAE94B927F2012900957C61 /* Sources */ = {
			isa = PBXSourcesBuildPhase;
			buildActionMask = 2147483647;
			files = (
				3FAE94C327F2012900957C61 /* ConversationView.swift in Sources */,
				B359E8F42800369400035660 /* ActivityStatus.swift in Sources */,
				B359E9372805B3E500035660 /* LogoutView.swift in Sources */,
				3F05FDFF27FB0B550058FACF /* SettingsManager.swift in Sources */,
				3FE0BE8D28116DDB00196B2F /* AppDelegate.swift in Sources */,
				3FAE94D327F201B600957C61 /* Message.swift in Sources */,
				3FAE94C127F2012900957C61 /* ShutUpApp.swift in Sources */,
				E5CCA27228187EAC00F3AF96 /* AccountSettingsView.swift in Sources */,
				3F1B83EF2816BB0200A411D0 /* ShutUpCD.xcdatamodeld in Sources */,
				3FAE94D527F201CD00957C61 /* Conversation.swift in Sources */,
				B359E8E627F460C800035660 /* ChatPreview.swift in Sources */,
				E5FE49C82806BE5E00A92710 /* KeyboardManager.swift in Sources */,
				3FAE94D827F2044300957C61 /* ConversationManager.swift in Sources */,
				E5CCA27028187B8300F3AF96 /* CreditsView.swift in Sources */,
				B359E8EA27FEF87500035660 /* ProfileViewItems.swift in Sources */,
				B359E8F82800491100035660 /* Privacy.swift in Sources */,
				B359E8F62800490100035660 /* Credits.swift in Sources */,
				E546A953281690A3004F4458 /* NetworkManager.swift in Sources */,
				3F05FE0127FB184D0058FACF /* SettingsView.swift in Sources */,
				B359E8E827FEF0AD00035660 /* ProfileView.swift in Sources */,
				E5CCA26E2818761B00F3AF96 /* PrivacyView.swift in Sources */,
				B359E8FA280068F100035660 /* ChangeAccount.swift in Sources */,
				3FAE94D127F201A600957C61 /* User.swift in Sources */,
				3FE554FF27F6E75F00325B17 /* WelcomeView.swift in Sources */,
				B359E8F22800364200035660 /* DarkMode.swift in Sources */,
				B359E9352804637C00035660 /* MessageRequests.swift in Sources */,
				3F664E082805937200EC6CE7 /* UserManager.swift in Sources */,
				B359E8E227F3A07F00035660 /* RainbowShimmer.swift in Sources */,
				3FE554FD27F6E5DF00325B17 /* DataManager.swift in Sources */,
				3FD294B027FC240100DF8ACD /* Theme.swift in Sources */,
				3FAE94DA27F2123600957C61 /* SingleConversationView.swift in Sources */,
				B359E93328030FC500035660 /* DarkModeSettings.swift in Sources */,
				B359E8E427F452C400035660 /* TitleRow.swift in Sources */,
				3F1B84102816BCEA00A411D0 /* Persistence.swift in Sources */,
			);
			runOnlyForDeploymentPostprocessing = 0;
		};
/* End PBXSourcesBuildPhase section */

/* Begin XCBuildConfiguration section */
		3FAE94C927F2012A00957C61 /* Debug */ = {
			isa = XCBuildConfiguration;
			buildSettings = {
				ALWAYS_SEARCH_USER_PATHS = NO;
				CLANG_ANALYZER_NONNULL = YES;
				CLANG_ANALYZER_NUMBER_OBJECT_CONVERSION = YES_AGGRESSIVE;
				CLANG_CXX_LANGUAGE_STANDARD = "gnu++17";
				CLANG_ENABLE_MODULES = YES;
				CLANG_ENABLE_OBJC_ARC = YES;
				CLANG_ENABLE_OBJC_WEAK = YES;
				CLANG_WARN_BLOCK_CAPTURE_AUTORELEASING = YES;
				CLANG_WARN_BOOL_CONVERSION = YES;
				CLANG_WARN_COMMA = YES;
				CLANG_WARN_CONSTANT_CONVERSION = YES;
				CLANG_WARN_DEPRECATED_OBJC_IMPLEMENTATIONS = YES;
				CLANG_WARN_DIRECT_OBJC_ISA_USAGE = YES_ERROR;
				CLANG_WARN_DOCUMENTATION_COMMENTS = YES;
				CLANG_WARN_EMPTY_BODY = YES;
				CLANG_WARN_ENUM_CONVERSION = YES;
				CLANG_WARN_INFINITE_RECURSION = YES;
				CLANG_WARN_INT_CONVERSION = YES;
				CLANG_WARN_NON_LITERAL_NULL_CONVERSION = YES;
				CLANG_WARN_OBJC_IMPLICIT_RETAIN_SELF = YES;
				CLANG_WARN_OBJC_LITERAL_CONVERSION = YES;
				CLANG_WARN_OBJC_ROOT_CLASS = YES_ERROR;
				CLANG_WARN_QUOTED_INCLUDE_IN_FRAMEWORK_HEADER = YES;
				CLANG_WARN_RANGE_LOOP_ANALYSIS = YES;
				CLANG_WARN_STRICT_PROTOTYPES = YES;
				CLANG_WARN_SUSPICIOUS_MOVE = YES;
				CLANG_WARN_UNGUARDED_AVAILABILITY = YES_AGGRESSIVE;
				CLANG_WARN_UNREACHABLE_CODE = YES;
				CLANG_WARN__DUPLICATE_METHOD_MATCH = YES;
				COPY_PHASE_STRIP = NO;
				DEBUG_INFORMATION_FORMAT = dwarf;
				ENABLE_STRICT_OBJC_MSGSEND = YES;
				ENABLE_TESTABILITY = YES;
				GCC_C_LANGUAGE_STANDARD = gnu11;
				GCC_DYNAMIC_NO_PIC = NO;
				GCC_NO_COMMON_BLOCKS = YES;
				GCC_OPTIMIZATION_LEVEL = 0;
				GCC_PREPROCESSOR_DEFINITIONS = (
					"DEBUG=1",
					"$(inherited)",
				);
				GCC_WARN_64_TO_32_BIT_CONVERSION = YES;
				GCC_WARN_ABOUT_RETURN_TYPE = YES_ERROR;
				GCC_WARN_UNDECLARED_SELECTOR = YES;
				GCC_WARN_UNINITIALIZED_AUTOS = YES_AGGRESSIVE;
				GCC_WARN_UNUSED_FUNCTION = YES;
				GCC_WARN_UNUSED_VARIABLE = YES;
				IPHONEOS_DEPLOYMENT_TARGET = 15.4;
				MTL_ENABLE_DEBUG_INFO = INCLUDE_SOURCE;
				MTL_FAST_MATH = YES;
				ONLY_ACTIVE_ARCH = YES;
				SDKROOT = iphoneos;
				SWIFT_ACTIVE_COMPILATION_CONDITIONS = DEBUG;
				SWIFT_OPTIMIZATION_LEVEL = "-Onone";
			};
			name = Debug;
		};
		3FAE94CA27F2012A00957C61 /* Release */ = {
			isa = XCBuildConfiguration;
			buildSettings = {
				ALWAYS_SEARCH_USER_PATHS = NO;
				CLANG_ANALYZER_NONNULL = YES;
				CLANG_ANALYZER_NUMBER_OBJECT_CONVERSION = YES_AGGRESSIVE;
				CLANG_CXX_LANGUAGE_STANDARD = "gnu++17";
				CLANG_ENABLE_MODULES = YES;
				CLANG_ENABLE_OBJC_ARC = YES;
				CLANG_ENABLE_OBJC_WEAK = YES;
				CLANG_WARN_BLOCK_CAPTURE_AUTORELEASING = YES;
				CLANG_WARN_BOOL_CONVERSION = YES;
				CLANG_WARN_COMMA = YES;
				CLANG_WARN_CONSTANT_CONVERSION = YES;
				CLANG_WARN_DEPRECATED_OBJC_IMPLEMENTATIONS = YES;
				CLANG_WARN_DIRECT_OBJC_ISA_USAGE = YES_ERROR;
				CLANG_WARN_DOCUMENTATION_COMMENTS = YES;
				CLANG_WARN_EMPTY_BODY = YES;
				CLANG_WARN_ENUM_CONVERSION = YES;
				CLANG_WARN_INFINITE_RECURSION = YES;
				CLANG_WARN_INT_CONVERSION = YES;
				CLANG_WARN_NON_LITERAL_NULL_CONVERSION = YES;
				CLANG_WARN_OBJC_IMPLICIT_RETAIN_SELF = YES;
				CLANG_WARN_OBJC_LITERAL_CONVERSION = YES;
				CLANG_WARN_OBJC_ROOT_CLASS = YES_ERROR;
				CLANG_WARN_QUOTED_INCLUDE_IN_FRAMEWORK_HEADER = YES;
				CLANG_WARN_RANGE_LOOP_ANALYSIS = YES;
				CLANG_WARN_STRICT_PROTOTYPES = YES;
				CLANG_WARN_SUSPICIOUS_MOVE = YES;
				CLANG_WARN_UNGUARDED_AVAILABILITY = YES_AGGRESSIVE;
				CLANG_WARN_UNREACHABLE_CODE = YES;
				CLANG_WARN__DUPLICATE_METHOD_MATCH = YES;
				COPY_PHASE_STRIP = NO;
				DEBUG_INFORMATION_FORMAT = "dwarf-with-dsym";
				ENABLE_NS_ASSERTIONS = NO;
				ENABLE_STRICT_OBJC_MSGSEND = YES;
				GCC_C_LANGUAGE_STANDARD = gnu11;
				GCC_NO_COMMON_BLOCKS = YES;
				GCC_WARN_64_TO_32_BIT_CONVERSION = YES;
				GCC_WARN_ABOUT_RETURN_TYPE = YES_ERROR;
				GCC_WARN_UNDECLARED_SELECTOR = YES;
				GCC_WARN_UNINITIALIZED_AUTOS = YES_AGGRESSIVE;
				GCC_WARN_UNUSED_FUNCTION = YES;
				GCC_WARN_UNUSED_VARIABLE = YES;
				IPHONEOS_DEPLOYMENT_TARGET = 15.4;
				MTL_ENABLE_DEBUG_INFO = NO;
				MTL_FAST_MATH = YES;
				SDKROOT = iphoneos;
				SWIFT_COMPILATION_MODE = wholemodule;
				SWIFT_OPTIMIZATION_LEVEL = "-O";
				VALIDATE_PRODUCT = YES;
			};
			name = Release;
		};
		3FAE94CC27F2012A00957C61 /* Debug */ = {
			isa = XCBuildConfiguration;
			buildSettings = {
				ASSETCATALOG_COMPILER_APPICON_NAME = AppIcon;
				ASSETCATALOG_COMPILER_GLOBAL_ACCENT_COLOR_NAME = AccentColor;
				CODE_SIGN_STYLE = Automatic;
				CURRENT_PROJECT_VERSION = 1;
				DEVELOPMENT_ASSET_PATHS = "\"ShutUp/Preview Content\"";
				DEVELOPMENT_TEAM = 4S7BBW6D46;
				ENABLE_PREVIEWS = YES;
				GENERATE_INFOPLIST_FILE = YES;
				INFOPLIST_FILE = ShutUp/Info.plist;
				INFOPLIST_KEY_UIApplicationSceneManifest_Generation = YES;
				INFOPLIST_KEY_UIApplicationSupportsIndirectInputEvents = YES;
				INFOPLIST_KEY_UILaunchScreen_Generation = YES;
				INFOPLIST_KEY_UISupportedInterfaceOrientations_iPad = "UIInterfaceOrientationPortrait UIInterfaceOrientationPortraitUpsideDown UIInterfaceOrientationLandscapeLeft UIInterfaceOrientationLandscapeRight";
				INFOPLIST_KEY_UISupportedInterfaceOrientations_iPhone = "UIInterfaceOrientationPortrait UIInterfaceOrientationLandscapeLeft UIInterfaceOrientationLandscapeRight";
				IPHONEOS_DEPLOYMENT_TARGET = 15.2;
				LD_RUNPATH_SEARCH_PATHS = (
					"$(inherited)",
					"@executable_path/Frameworks",
				);
				MARKETING_VERSION = 1.0;
				PRODUCT_BUNDLE_IDENTIFIER = com.gustavsoderberg.ShutUp;
				PRODUCT_NAME = "$(TARGET_NAME)";
				SWIFT_EMIT_LOC_STRINGS = YES;
				SWIFT_VERSION = 5.0;
				TARGETED_DEVICE_FAMILY = "1,2";
			};
			name = Debug;
		};
		3FAE94CD27F2012A00957C61 /* Release */ = {
			isa = XCBuildConfiguration;
			buildSettings = {
				ASSETCATALOG_COMPILER_APPICON_NAME = AppIcon;
				ASSETCATALOG_COMPILER_GLOBAL_ACCENT_COLOR_NAME = AccentColor;
				CODE_SIGN_STYLE = Automatic;
				CURRENT_PROJECT_VERSION = 1;
				DEVELOPMENT_ASSET_PATHS = "\"ShutUp/Preview Content\"";
				DEVELOPMENT_TEAM = 4S7BBW6D46;
				ENABLE_PREVIEWS = YES;
				GENERATE_INFOPLIST_FILE = YES;
				INFOPLIST_FILE = ShutUp/Info.plist;
				INFOPLIST_KEY_UIApplicationSceneManifest_Generation = YES;
				INFOPLIST_KEY_UIApplicationSupportsIndirectInputEvents = YES;
				INFOPLIST_KEY_UILaunchScreen_Generation = YES;
				INFOPLIST_KEY_UISupportedInterfaceOrientations_iPad = "UIInterfaceOrientationPortrait UIInterfaceOrientationPortraitUpsideDown UIInterfaceOrientationLandscapeLeft UIInterfaceOrientationLandscapeRight";
				INFOPLIST_KEY_UISupportedInterfaceOrientations_iPhone = "UIInterfaceOrientationPortrait UIInterfaceOrientationLandscapeLeft UIInterfaceOrientationLandscapeRight";
				IPHONEOS_DEPLOYMENT_TARGET = 15.2;
				LD_RUNPATH_SEARCH_PATHS = (
					"$(inherited)",
					"@executable_path/Frameworks",
				);
				MARKETING_VERSION = 1.0;
				PRODUCT_BUNDLE_IDENTIFIER = com.gustavsoderberg.ShutUp;
				PRODUCT_NAME = "$(TARGET_NAME)";
				SWIFT_EMIT_LOC_STRINGS = YES;
				SWIFT_VERSION = 5.0;
				TARGETED_DEVICE_FAMILY = "1,2";
			};
			name = Release;
		};
/* End XCBuildConfiguration section */

/* Begin XCConfigurationList section */
		3FAE94B827F2012900957C61 /* Build configuration list for PBXProject "ShutUp" */ = {
			isa = XCConfigurationList;
			buildConfigurations = (
				3FAE94C927F2012A00957C61 /* Debug */,
				3FAE94CA27F2012A00957C61 /* Release */,
			);
			defaultConfigurationIsVisible = 0;
			defaultConfigurationName = Release;
		};
		3FAE94CB27F2012A00957C61 /* Build configuration list for PBXNativeTarget "ShutUp" */ = {
			isa = XCConfigurationList;
			buildConfigurations = (
				3FAE94CC27F2012A00957C61 /* Debug */,
				3FAE94CD27F2012A00957C61 /* Release */,
			);
			defaultConfigurationIsVisible = 0;
			defaultConfigurationName = Release;
		};
/* End XCConfigurationList section */

/* Begin XCRemoteSwiftPackageReference section */
		3FCA499727FCCED40058A3B5 /* XCRemoteSwiftPackageReference "firebase-ios-sdk" */ = {
			isa = XCRemoteSwiftPackageReference;
			repositoryURL = "https://github.com/firebase/firebase-ios-sdk";
			requirement = {
				kind = upToNextMajorVersion;
				minimumVersion = 8.0.0;
			};
		};
		3FE0BE8328116DBD00196B2F /* XCRemoteSwiftPackageReference "FirebaseUI-iOS" */ = {
			isa = XCRemoteSwiftPackageReference;
			repositoryURL = "https://github.com/firebase/FirebaseUI-iOS";
			requirement = {
				branch = master;
				kind = branch;
			};
		};
/* End XCRemoteSwiftPackageReference section */

/* Begin XCSwiftPackageProductDependency section */
		3FCA499827FCCED40058A3B5 /* FirebaseAuth */ = {
			isa = XCSwiftPackageProductDependency;
			package = 3FCA499727FCCED40058A3B5 /* XCRemoteSwiftPackageReference "firebase-ios-sdk" */;
			productName = FirebaseAuth;
		};
		3FCA499A27FCCED40058A3B5 /* FirebaseFirestore */ = {
			isa = XCSwiftPackageProductDependency;
			package = 3FCA499727FCCED40058A3B5 /* XCRemoteSwiftPackageReference "firebase-ios-sdk" */;
			productName = FirebaseFirestore;
		};
		3FCA499C27FCCED40058A3B5 /* FirebaseFirestoreSwift-Beta */ = {
			isa = XCSwiftPackageProductDependency;
			package = 3FCA499727FCCED40058A3B5 /* XCRemoteSwiftPackageReference "firebase-ios-sdk" */;
			productName = "FirebaseFirestoreSwift-Beta";
		};
		3FE0BE8428116DBD00196B2F /* FirebaseAuthUI */ = {
			isa = XCSwiftPackageProductDependency;
			package = 3FE0BE8328116DBD00196B2F /* XCRemoteSwiftPackageReference "FirebaseUI-iOS" */;
			productName = FirebaseAuthUI;
		};
		3FE0BE8628116DBD00196B2F /* FirebaseFacebookAuthUI */ = {
			isa = XCSwiftPackageProductDependency;
			package = 3FE0BE8328116DBD00196B2F /* XCRemoteSwiftPackageReference "FirebaseUI-iOS" */;
			productName = FirebaseFacebookAuthUI;
		};
		3FE0BE8828116DBD00196B2F /* FirebaseGoogleAuthUI */ = {
			isa = XCSwiftPackageProductDependency;
			package = 3FE0BE8328116DBD00196B2F /* XCRemoteSwiftPackageReference "FirebaseUI-iOS" */;
			productName = FirebaseGoogleAuthUI;
		};
		3FE0BE8A28116DBD00196B2F /* FirebaseOAuthUI */ = {
			isa = XCSwiftPackageProductDependency;
			package = 3FE0BE8328116DBD00196B2F /* XCRemoteSwiftPackageReference "FirebaseUI-iOS" */;
			productName = FirebaseOAuthUI;
		};
/* End XCSwiftPackageProductDependency section */

/* Begin XCVersionGroup section */
		3F1B83ED2816BB0200A411D0 /* ShutUpCD.xcdatamodeld */ = {
			isa = XCVersionGroup;
			children = (
				3F1B83EE2816BB0200A411D0 /* ShutUpCD.xcdatamodel */,
			);
			currentVersion = 3F1B83EE2816BB0200A411D0 /* ShutUpCD.xcdatamodel */;
			path = ShutUpCD.xcdatamodeld;
			sourceTree = "<group>";
			versionGroupType = wrapper.xcdatamodel;
		};
/* End XCVersionGroup section */
	};
	rootObject = 3FAE94B527F2012900957C61 /* Project object */;
}
